
Microsoft Visual Studio Solution File, Format Version 12.00
# Visual Studio Version 17
VisualStudioVersion = 17.14.36915.13
MinimumVisualStudioVersion = 10.0.40219.1
Project("{FAE04EC0-301F-11D3-BF4B-00C04F79EFBC}") = "MidtermAPI_JohnstanleyAjagu", "MidtermAPI_JohnstanleyAjagu.csproj", "{F897DAF2-E743-49C7-913E-F9C53C569CC1}"
EndProject
Project("{FAE04EC0-301F-11D3-BF4B-00C04F79EFBC}") = "MidtermMVC_JohnstanleyAjagu", "..\MidtermMVC_JohnstanleyAjagu\MidtermMVC_JohnstanleyAjagu.csproj", "{AA591456-FAB7-447C-A9EB-989F3C05FD37}"
EndProject
Global
	GlobalSection(SolutionConfigurationPlatforms) = preSolution
		Debug|Any CPU = Debug|Any CPU
		Release|Any CPU = Release|Any CPU
	EndGlobalSection
	GlobalSection(ProjectConfigurationPlatforms) = postSolution
		{F897DAF2-E743-49C7-913E-F9C53C569CC1}.Debug|Any CPU.ActiveCfg = Debug|Any CPU
		{F897DAF2-E743-49C7-913E-F9C53C569CC1}.Debug|Any CPU.Build.0 = Debug|Any CPU
		{F897DAF2-E743-49C7-913E-F9C53C569CC1}.Release|Any CPU.ActiveCfg = Release|Any CPU
		{F897DAF2-E743-49C7-913E-F9C53C569CC1}.Release|Any CPU.Build.0 = Release|Any CPU
		{AA591456-FAB7-447C-A9EB-989F3C05FD37}.Debug|Any CPU.ActiveCfg = Debug|Any CPU
		{AA591456-FAB7-447C-A9EB-989F3C05FD37}.Debug|Any CPU.Build.0 = Debug|Any CPU
		{AA591456-FAB7-447C-A9EB-989F3C05FD37}.Release|Any CPU.ActiveCfg = Release|Any CPU
		{AA591456-FAB7-447C-A9EB-989F3C05FD37}.Release|Any CPU.Build.0 = Release|Any CPU
	EndGlobalSection
	GlobalSection(SolutionProperties) = preSolution
		HideSolutionNode = FALSE
	EndGlobalSection
	GlobalSection(ExtensibilityGlobals) = postSolution
		SolutionGuid = {F7FF263E-61D2-42A7-8DC2-479B241E9801}
	EndGlobalSection
EndGlobal
